
Microsoft Visual Studio Solution File, Format Version 12.00
# Visual Studio Version 17
VisualStudioVersion = 17.12.35506.116
MinimumVisualStudioVersion = 10.0.40219.1
Project("{FAE04EC0-301F-11D3-BF4B-00C04F79EFBC}") = "VirtualPathCore", "VirtualPathCore\VirtualPathCore.csproj", "{2A723172-9D59-4465-BE05-0F9650DD563D}"
EndProject
Project("{FAE04EC0-301F-11D3-BF4B-00C04F79EFBC}") = "VirtualPathCore.Desktop", "VirtualPathCore.Desktop\VirtualPathCore.Desktop.csproj", "{416A211C-361A-4343-BE29-0DF3AA3DF2BE}"
EndProject
Global
	GlobalSection(SolutionConfigurationPlatforms) = preSolution
		Debug|Any CPU = Debug|Any CPU
		Debug|x64 = Debug|x64
		Release|Any CPU = Release|Any CPU
		Release|x64 = Release|x64
	EndGlobalSection
	GlobalSection(ProjectConfigurationPlatforms) = postSolution
		{2A723172-9D59-4465-BE05-0F9650DD563D}.Debug|Any CPU.ActiveCfg = Debug|Any CPU
		{2A723172-9D59-4465-BE05-0F9650DD563D}.Debug|Any CPU.Build.0 = Debug|Any CPU
		{2A723172-9D59-4465-BE05-0F9650DD563D}.Debug|x64.ActiveCfg = Debug|x64
		{2A723172-9D59-4465-BE05-0F9650DD563D}.Debug|x64.Build.0 = Debug|x64
		{2A723172-9D59-4465-BE05-0F9650DD563D}.Release|Any CPU.ActiveCfg = Release|Any CPU
		{2A723172-9D59-4465-BE05-0F9650DD563D}.Release|Any CPU.Build.0 = Release|Any CPU
		{2A723172-9D59-4465-BE05-0F9650DD563D}.Release|x64.ActiveCfg = Release|x64
		{2A723172-9D59-4465-BE05-0F9650DD563D}.Release|x64.Build.0 = Release|x64
		{416A211C-361A-4343-BE29-0DF3AA3DF2BE}.Debug|Any CPU.ActiveCfg = Debug|Any CPU
		{416A211C-361A-4343-BE29-0DF3AA3DF2BE}.Debug|Any CPU.Build.0 = Debug|Any CPU
		{416A211C-361A-4343-BE29-0DF3AA3DF2BE}.Debug|x64.ActiveCfg = Debug|x64
		{416A211C-361A-4343-BE29-0DF3AA3DF2BE}.Debug|x64.Build.0 = Debug|x64
		{416A211C-361A-4343-BE29-0DF3AA3DF2BE}.Release|Any CPU.ActiveCfg = Release|Any CPU
		{416A211C-361A-4343-BE29-0DF3AA3DF2BE}.Release|Any CPU.Build.0 = Release|Any CPU
		{416A211C-361A-4343-BE29-0DF3AA3DF2BE}.Release|x64.ActiveCfg = Release|x64
		{416A211C-361A-4343-BE29-0DF3AA3DF2BE}.Release|x64.Build.0 = Release|x64
	EndGlobalSection
	GlobalSection(SolutionProperties) = preSolution
		HideSolutionNode = FALSE
	EndGlobalSection
EndGlobal
